{
  "originHash" : "6101cd9044bb98d63a02cfc15513fa6ccc289b471f9673524dc0154499b70277",
  "pins" : [
    {
      "identity" : "cypraea-core",
      "kind" : "remoteSourceControl",
      "location" : "https://github.com/sollahiro/cypraea-core.git",
      "state" : {
        "branch" : "main",
        "revision" : "d67968eec075c34372e221f011153cf4887b5f5a"
      }
    },
    {
      "identity" : "grdb.swift",
      "kind" : "remoteSourceControl",
      "location" : "https://github.com/groue/GRDB.swift.git",
      "state" : {
        "revision" : "36e30a6f1ef10e4194f6af0cff90888526f0c115",
        "version" : "7.10.0"
      }
    },
    {
      "identity" : "swift-argument-parser",
      "kind" : "remoteSourceControl",
      "location" : "https://github.com/apple/swift-argument-parser.git",
      "state" : {
        "revision" : "626b5b7b2f45e1b0b1c6f4a309296d1d21d7311b",
        "version" : "1.7.1"
      }
    }
  ],
  "version" : 3
}
