{
  "originHash" : "72b6b410aff3b547c918df3fadb9f520429a924e69dd883b54bac2bf84b0aee4",
  "pins" : [
    {
      "identity" : "grdb.swift",
      "kind" : "remoteSourceControl",
      "location" : "https://github.com/groue/GRDB.swift.git",
      "state" : {
        "revision" : "36e30a6f1ef10e4194f6af0cff90888526f0c115",
        "version" : "7.10.0"
      }
    },
    {
      "identity" : "scion-core",
      "kind" : "remoteSourceControl",
      "location" : "https://github.com/sollahiro/scion-core.git",
      "state" : {
        "branch" : "main",
        "revision" : "d67968eec075c34372e221f011153cf4887b5f5a"
      }
    },
    {
      "identity" : "swift-argument-parser",
      "kind" : "remoteSourceControl",
      "location" : "https://github.com/apple/swift-argument-parser.git",
      "state" : {
        "revision" : "626b5b7b2f45e1b0b1c6f4a309296d1d21d7311b",
        "version" : "1.7.1"
      }
    }
  ],
  "version" : 3
}
